
Microsoft Visual Studio Solution File, Format Version 12.00
# Visual Studio 15
VisualStudioVersion = 15.0.27004.2005
MinimumVisualStudioVersion = 10.0.40219.1
Project("{FAE04EC0-301F-11D3-BF4B-00C04F79EFBC}") = "CloneCraftApi", "CloneCraftApi\CloneCraftApi.csproj", "{6BEFC176-554E-42F9-9FB4-37557895527D}"
EndProject
Global
	GlobalSection(SolutionConfigurationPlatforms) = preSolution
		Debug|Any CPU = Debug|Any CPU
		Release|Any CPU = Release|Any CPU
	EndGlobalSection
	GlobalSection(ProjectConfigurationPlatforms) = postSolution
		{6BEFC176-554E-42F9-9FB4-37557895527D}.Debug|Any CPU.ActiveCfg = Debug|Any CPU
		{6BEFC176-554E-42F9-9FB4-37557895527D}.Debug|Any CPU.Build.0 = Debug|Any CPU
		{6BEFC176-554E-42F9-9FB4-37557895527D}.Release|Any CPU.ActiveCfg = Release|Any CPU
		{6BEFC176-554E-42F9-9FB4-37557895527D}.Release|Any CPU.Build.0 = Release|Any CPU
	EndGlobalSection
	GlobalSection(SolutionProperties) = preSolution
		HideSolutionNode = FALSE
	EndGlobalSection
	GlobalSection(ExtensibilityGlobals) = postSolution
		SolutionGuid = {B094303A-A090-4AE7-8D34-660BEC5F2B26}
	EndGlobalSection
EndGlobal
